
Microsoft Visual Studio Solution File, Format Version 12.00
# Visual Studio 15
VisualStudioVersion = 15.0.27703.2026
MinimumVisualStudioVersion = 10.0.40219.1
Project("{FAE04EC0-301F-11D3-BF4B-00C04F79EFBC}") = "SportsStore.Domain", "SportsStore.Domain\SportsStore.Domain.csproj", "{3D61575E-4021-491C-A21A-643D4AF46143}"
EndProject
Project("{FAE04EC0-301F-11D3-BF4B-00C04F79EFBC}") = "SportsStore.UnitTest", "SportsStore.UnitTest\SportsStore.UnitTest.csproj", "{A0B167D4-C401-4F0B-97D9-61CB6FE5B4FE}"
EndProject
Project("{FAE04EC0-301F-11D3-BF4B-00C04F79EFBC}") = "SportsStore.WebUI", "SportsStore.WebUI\SportsStore.WebUI.csproj", "{19ADDEC8-5B28-483B-8AB1-EED17B6EFB8B}"
EndProject
Global
	GlobalSection(SolutionConfigurationPlatforms) = preSolution
		Debug|Any CPU = Debug|Any CPU
		Release|Any CPU = Release|Any CPU
	EndGlobalSection
	GlobalSection(ProjectConfigurationPlatforms) = postSolution
		{3D61575E-4021-491C-A21A-643D4AF46143}.Debug|Any CPU.ActiveCfg = Debug|Any CPU
		{3D61575E-4021-491C-A21A-643D4AF46143}.Debug|Any CPU.Build.0 = Debug|Any CPU
		{3D61575E-4021-491C-A21A-643D4AF46143}.Release|Any CPU.ActiveCfg = Release|Any CPU
		{3D61575E-4021-491C-A21A-643D4AF46143}.Release|Any CPU.Build.0 = Release|Any CPU
		{A0B167D4-C401-4F0B-97D9-61CB6FE5B4FE}.Debug|Any CPU.ActiveCfg = Debug|Any CPU
		{A0B167D4-C401-4F0B-97D9-61CB6FE5B4FE}.Debug|Any CPU.Build.0 = Debug|Any CPU
		{A0B167D4-C401-4F0B-97D9-61CB6FE5B4FE}.Release|Any CPU.ActiveCfg = Release|Any CPU
		{A0B167D4-C401-4F0B-97D9-61CB6FE5B4FE}.Release|Any CPU.Build.0 = Release|Any CPU
		{19ADDEC8-5B28-483B-8AB1-EED17B6EFB8B}.Debug|Any CPU.ActiveCfg = Debug|Any CPU
		{19ADDEC8-5B28-483B-8AB1-EED17B6EFB8B}.Debug|Any CPU.Build.0 = Debug|Any CPU
		{19ADDEC8-5B28-483B-8AB1-EED17B6EFB8B}.Release|Any CPU.ActiveCfg = Release|Any CPU
		{19ADDEC8-5B28-483B-8AB1-EED17B6EFB8B}.Release|Any CPU.Build.0 = Release|Any CPU
	EndGlobalSection
	GlobalSection(SolutionProperties) = preSolution
		HideSolutionNode = FALSE
	EndGlobalSection
	GlobalSection(ExtensibilityGlobals) = postSolution
		SolutionGuid = {3BFEAA65-36C6-4D5A-8999-FDA95297599C}
	EndGlobalSection
EndGlobal
